// !$*UTF8*$!
{
	archiveVersion = 1;
	classes = {
	};
	objectVersion = 52;
	objects = {

/* Begin PBXBuildFile section */
		C821A9B425F3D17C002F5D7D /* SearchViewController.swift in Sources */ = {isa = PBXBuildFile; fileRef = C821A9B225F3D17C002F5D7D /* SearchViewController.swift */; };
		C821A9B525F3D17C002F5D7D /* SearchViewController.xib in Resources */ = {isa = PBXBuildFile; fileRef = C821A9B325F3D17C002F5D7D /* SearchViewController.xib */; };
		C821A9BE25F3D1A0002F5D7D /* ResultViewController.swift in Sources */ = {isa = PBXBuildFile; fileRef = C821A9BC25F3D1A0002F5D7D /* ResultViewController.swift */; };
		C821A9BF25F3D1A0002F5D7D /* ResultViewController.xib in Resources */ = {isa = PBXBuildFile; fileRef = C821A9BD25F3D1A0002F5D7D /* ResultViewController.xib */; };
		C821A9C425F3E38F002F5D7D /* SearchBuilder.swift in Sources */ = {isa = PBXBuildFile; fileRef = C821A9C325F3E38F002F5D7D /* SearchBuilder.swift */; };
		C821A9C925F3E450002F5D7D /* SearchViewModel.swift in Sources */ = {isa = PBXBuildFile; fileRef = C821A9C825F3E450002F5D7D /* SearchViewModel.swift */; };
		C821A9CE25F3E634002F5D7D /* ResultScreenRouterService.swift in Sources */ = {isa = PBXBuildFile; fileRef = C821A9CD25F3E634002F5D7D /* ResultScreenRouterService.swift */; };
		C821A9DD25F4036F002F5D7D /* CrawlerService.swift in Sources */ = {isa = PBXBuildFile; fileRef = C821A9DC25F4036F002F5D7D /* CrawlerService.swift */; };
		C821A9E925F4124B002F5D7D /* String+Counter.swift in Sources */ = {isa = PBXBuildFile; fileRef = C821A9E825F4124B002F5D7D /* String+Counter.swift */; };
		C821A9F525F50ED3002F5D7D /* StorageService.swift in Sources */ = {isa = PBXBuildFile; fileRef = C821A9F425F50ED3002F5D7D /* StorageService.swift */; };
		C84ED6BD25F26E1700B6505E /* Consts.swift in Sources */ = {isa = PBXBuildFile; fileRef = C84ED6BC25F26E1700B6505E /* Consts.swift */; };
		C84ED6C225F26FBF00B6505E /* RouterService.swift in Sources */ = {isa = PBXBuildFile; fileRef = C84ED6C125F26FBF00B6505E /* RouterService.swift */; };
		C84ED6DC25F38D4700B6505E /* ResultBuilder.swift in Sources */ = {isa = PBXBuildFile; fileRef = C84ED6DB25F38D4700B6505E /* ResultBuilder.swift */; };
		C892C3D425F54AB5003776EB /* SearchScreenRouterService.swift in Sources */ = {isa = PBXBuildFile; fileRef = C892C3D325F54AB5003776EB /* SearchScreenRouterService.swift */; };
		C892C3DA25F56241003776EB /* ResultTableViewCell.swift in Sources */ = {isa = PBXBuildFile; fileRef = C892C3D825F56241003776EB /* ResultTableViewCell.swift */; };
		C892C3DB25F56241003776EB /* ResultTableViewCell.xib in Resources */ = {isa = PBXBuildFile; fileRef = C892C3D925F56241003776EB /* ResultTableViewCell.xib */; };
		C892C3E025F56305003776EB /* ReusableView.swift in Sources */ = {isa = PBXBuildFile; fileRef = C892C3DF25F56305003776EB /* ReusableView.swift */; };
		C8EBB40625F00A3E0092939C /* AppDelegate.swift in Sources */ = {isa = PBXBuildFile; fileRef = C8EBB40525F00A3E0092939C /* AppDelegate.swift */; };
		C8EBB40825F00A3E0092939C /* SceneDelegate.swift in Sources */ = {isa = PBXBuildFile; fileRef = C8EBB40725F00A3E0092939C /* SceneDelegate.swift */; };
		C8EBB41025F00A3E0092939C /* Crawler.xcdatamodeld in Sources */ = {isa = PBXBuildFile; fileRef = C8EBB40E25F00A3E0092939C /* Crawler.xcdatamodeld */; };
		C8EBB41225F00A3E0092939C /* Assets.xcassets in Resources */ = {isa = PBXBuildFile; fileRef = C8EBB41125F00A3E0092939C /* Assets.xcassets */; };
		C8EBB41525F00A3E0092939C /* LaunchScreen.storyboard in Resources */ = {isa = PBXBuildFile; fileRef = C8EBB41325F00A3E0092939C /* LaunchScreen.storyboard */; };
		C8EBB42025F00A3E0092939C /* CrawlerTests.swift in Sources */ = {isa = PBXBuildFile; fileRef = C8EBB41F25F00A3E0092939C /* CrawlerTests.swift */; };
		C8EBB42B25F00A3E0092939C /* CrawlerUITests.swift in Sources */ = {isa = PBXBuildFile; fileRef = C8EBB42A25F00A3E0092939C /* CrawlerUITests.swift */; };
		C8EBB43D25F00B100092939C /* SwiftSoup in Frameworks */ = {isa = PBXBuildFile; productRef = C8EBB43C25F00B100092939C /* SwiftSoup */; };
		C8EBB44725F2615B0092939C /* ResultViewModel.swift in Sources */ = {isa = PBXBuildFile; fileRef = C8EBB44625F2615B0092939C /* ResultViewModel.swift */; };
/* End PBXBuildFile section */

/* Begin PBXContainerItemProxy section */
		C8EBB41C25F00A3E0092939C /* PBXContainerItemProxy */ = {
			isa = PBXContainerItemProxy;
			containerPortal = C8EBB3FA25F00A3D0092939C /* Project object */;
			proxyType = 1;
			remoteGlobalIDString = C8EBB40125F00A3D0092939C;
			remoteInfo = Crawler;
		};
		C8EBB42725F00A3E0092939C /* PBXContainerItemProxy */ = {
			isa = PBXContainerItemProxy;
			containerPortal = C8EBB3FA25F00A3D0092939C /* Project object */;
			proxyType = 1;
			remoteGlobalIDString = C8EBB40125F00A3D0092939C;
			remoteInfo = Crawler;
		};
/* End PBXContainerItemProxy section */

/* Begin PBXFileReference section */
		C821A9B225F3D17C002F5D7D /* SearchViewController.swift */ = {isa = PBXFileReference; lastKnownFileType = sourcecode.swift; path = SearchViewController.swift; sourceTree = "<group>"; };
		C821A9B325F3D17C002F5D7D /* SearchViewController.xib */ = {isa = PBXFileReference; lastKnownFileType = file.xib; path = SearchViewController.xib; sourceTree = "<group>"; };
		C821A9BC25F3D1A0002F5D7D /* ResultViewController.swift */ = {isa = PBXFileReference; lastKnownFileType = sourcecode.swift; path = ResultViewController.swift; sourceTree = "<group>"; };
		C821A9BD25F3D1A0002F5D7D /* ResultViewController.xib */ = {isa = PBXFileReference; lastKnownFileType = file.xib; path = ResultViewController.xib; sourceTree = "<group>"; };
		C821A9C325F3E38F002F5D7D /* SearchBuilder.swift */ = {isa = PBXFileReference; lastKnownFileType = sourcecode.swift; path = SearchBuilder.swift; sourceTree = "<group>"; };
		C821A9C825F3E450002F5D7D /* SearchViewModel.swift */ = {isa = PBXFileReference; lastKnownFileType = sourcecode.swift; path = SearchViewModel.swift; sourceTree = "<group>"; };
		C821A9CD25F3E634002F5D7D /* ResultScreenRouterService.swift */ = {isa = PBXFileReference; lastKnownFileType = sourcecode.swift; path = ResultScreenRouterService.swift; sourceTree = "<group>"; };
		C821A9DC25F4036F002F5D7D /* CrawlerService.swift */ = {isa = PBXFileReference; lastKnownFileType = sourcecode.swift; path = CrawlerService.swift; sourceTree = "<group>"; };
		C821A9E825F4124B002F5D7D /* String+Counter.swift */ = {isa = PBXFileReference; lastKnownFileType = sourcecode.swift; path = "String+Counter.swift"; sourceTree = "<group>"; };
		C821A9F425F50ED3002F5D7D /* StorageService.swift */ = {isa = PBXFileReference; lastKnownFileType = sourcecode.swift; path = StorageService.swift; sourceTree = "<group>"; };
		C84ED6BC25F26E1700B6505E /* Consts.swift */ = {isa = PBXFileReference; lastKnownFileType = sourcecode.swift; path = Consts.swift; sourceTree = "<group>"; };
		C84ED6C125F26FBF00B6505E /* RouterService.swift */ = {isa = PBXFileReference; lastKnownFileType = sourcecode.swift; path = RouterService.swift; sourceTree = "<group>"; };
		C84ED6DB25F38D4700B6505E /* ResultBuilder.swift */ = {isa = PBXFileReference; lastKnownFileType = sourcecode.swift; path = ResultBuilder.swift; sourceTree = "<group>"; };
		C892C3D325F54AB5003776EB /* SearchScreenRouterService.swift */ = {isa = PBXFileReference; lastKnownFileType = sourcecode.swift; path = SearchScreenRouterService.swift; sourceTree = "<group>"; };
		C892C3D825F56241003776EB /* ResultTableViewCell.swift */ = {isa = PBXFileReference; lastKnownFileType = sourcecode.swift; path = ResultTableViewCell.swift; sourceTree = "<group>"; };
		C892C3D925F56241003776EB /* ResultTableViewCell.xib */ = {isa = PBXFileReference; lastKnownFileType = file.xib; path = ResultTableViewCell.xib; sourceTree = "<group>"; };
		C892C3DF25F56305003776EB /* ReusableView.swift */ = {isa = PBXFileReference; lastKnownFileType = sourcecode.swift; path = ReusableView.swift; sourceTree = "<group>"; };
		C8EBB40225F00A3E0092939C /* Crawler.app */ = {isa = PBXFileReference; explicitFileType = wrapper.application; includeInIndex = 0; path = Crawler.app; sourceTree = BUILT_PRODUCTS_DIR; };
		C8EBB40525F00A3E0092939C /* AppDelegate.swift */ = {isa = PBXFileReference; lastKnownFileType = sourcecode.swift; path = AppDelegate.swift; sourceTree = "<group>"; };
		C8EBB40725F00A3E0092939C /* SceneDelegate.swift */ = {isa = PBXFileReference; lastKnownFileType = sourcecode.swift; path = SceneDelegate.swift; sourceTree = "<group>"; };
		C8EBB40F25F00A3E0092939C /* Crawler.xcdatamodel */ = {isa = PBXFileReference; lastKnownFileType = wrapper.xcdatamodel; path = Crawler.xcdatamodel; sourceTree = "<group>"; };
		C8EBB41125F00A3E0092939C /* Assets.xcassets */ = {isa = PBXFileReference; lastKnownFileType = folder.assetcatalog; path = Assets.xcassets; sourceTree = "<group>"; };
		C8EBB41425F00A3E0092939C /* Base */ = {isa = PBXFileReference; lastKnownFileType = file.storyboard; name = Base; path = Base.lproj/LaunchScreen.storyboard; sourceTree = "<group>"; };
		C8EBB41625F00A3E0092939C /* Info.plist */ = {isa = PBXFileReference; lastKnownFileType = text.plist.xml; path = Info.plist; sourceTree = "<group>"; };
		C8EBB41B25F00A3E0092939C /* CrawlerTests.xctest */ = {isa = PBXFileReference; explicitFileType = wrapper.cfbundle; includeInIndex = 0; path = CrawlerTests.xctest; sourceTree = BUILT_PRODUCTS_DIR; };
		C8EBB41F25F00A3E0092939C /* CrawlerTests.swift */ = {isa = PBXFileReference; lastKnownFileType = sourcecode.swift; path = CrawlerTests.swift; sourceTree = "<group>"; };
		C8EBB42125F00A3E0092939C /* Info.plist */ = {isa = PBXFileReference; lastKnownFileType = text.plist.xml; path = Info.plist; sourceTree = "<group>"; };
		C8EBB42625F00A3E0092939C /* CrawlerUITests.xctest */ = {isa = PBXFileReference; explicitFileType = wrapper.cfbundle; includeInIndex = 0; path = CrawlerUITests.xctest; sourceTree = BUILT_PRODUCTS_DIR; };
		C8EBB42A25F00A3E0092939C /* CrawlerUITests.swift */ = {isa = PBXFileReference; lastKnownFileType = sourcecode.swift; path = CrawlerUITests.swift; sourceTree = "<group>"; };
		C8EBB42C25F00A3E0092939C /* Info.plist */ = {isa = PBXFileReference; lastKnownFileType = text.plist.xml; path = Info.plist; sourceTree = "<group>"; };
		C8EBB44625F2615B0092939C /* ResultViewModel.swift */ = {isa = PBXFileReference; lastKnownFileType = sourcecode.swift; path = ResultViewModel.swift; sourceTree = "<group>"; };
/* End PBXFileReference section */

/* Begin PBXFrameworksBuildPhase section */
		C8EBB3FF25F00A3D0092939C /* Frameworks */ = {
			isa = PBXFrameworksBuildPhase;
			buildActionMask = 2147483647;
			files = (
				C8EBB43D25F00B100092939C /* SwiftSoup in Frameworks */,
			);
			runOnlyForDeploymentPostprocessing = 0;
		};
		C8EBB41825F00A3E0092939C /* Frameworks */ = {
			isa = PBXFrameworksBuildPhase;
			buildActionMask = 2147483647;
			files = (
			);
			runOnlyForDeploymentPostprocessing = 0;
		};
		C8EBB42325F00A3E0092939C /* Frameworks */ = {
			isa = PBXFrameworksBuildPhase;
			buildActionMask = 2147483647;
			files = (
			);
			runOnlyForDeploymentPostprocessing = 0;
		};
/* End PBXFrameworksBuildPhase section */

/* Begin PBXGroup section */
		C821A9DB25F40350002F5D7D /* Crawler */ = {
			isa = PBXGroup;
			children = (
				C821A9DC25F4036F002F5D7D /* CrawlerService.swift */,
			);
			path = Crawler;
			sourceTree = "<group>";
		};
		C821A9E725F4122A002F5D7D /* Utils */ = {
			isa = PBXGroup;
			children = (
				C821A9E825F4124B002F5D7D /* String+Counter.swift */,
			);
			path = Utils;
			sourceTree = "<group>";
		};
		C821A9F325F50EAE002F5D7D /* Database */ = {
			isa = PBXGroup;
			children = (
				C821A9F425F50ED3002F5D7D /* StorageService.swift */,
			);
			path = Database;
			sourceTree = "<group>";
		};
		C84ED6D925F38CE400B6505E /* Router */ = {
			isa = PBXGroup;
			children = (
				C84ED6C125F26FBF00B6505E /* RouterService.swift */,
				C821A9CD25F3E634002F5D7D /* ResultScreenRouterService.swift */,
				C892C3D325F54AB5003776EB /* SearchScreenRouterService.swift */,
			);
			path = Router;
			sourceTree = "<group>";
		};
		C84ED6DA25F38CF300B6505E /* Builder */ = {
			isa = PBXGroup;
			children = (
				C84ED6DB25F38D4700B6505E /* ResultBuilder.swift */,
				C821A9C325F3E38F002F5D7D /* SearchBuilder.swift */,
			);
			path = Builder;
			sourceTree = "<group>";
		};
		C84ED6E325F3906300B6505E /* UI */ = {
			isa = PBXGroup;
			children = (
				C821A9B225F3D17C002F5D7D /* SearchViewController.swift */,
				C821A9B325F3D17C002F5D7D /* SearchViewController.xib */,
				C821A9BC25F3D1A0002F5D7D /* ResultViewController.swift */,
				C821A9BD25F3D1A0002F5D7D /* ResultViewController.xib */,
				C892C3D825F56241003776EB /* ResultTableViewCell.swift */,
				C892C3D925F56241003776EB /* ResultTableViewCell.xib */,
				C892C3DF25F56305003776EB /* ReusableView.swift */,
			);
			path = UI;
			sourceTree = "<group>";
		};
		C8EBB3F925F00A3D0092939C = {
			isa = PBXGroup;
			children = (
				C821A9E725F4122A002F5D7D /* Utils */,
				C84ED6E325F3906300B6505E /* UI */,
				C8EBB44525F261300092939C /* ViewModels */,
				C8EBB44425F2611D0092939C /* Services */,
				C8EBB40425F00A3E0092939C /* Crawler */,
				C8EBB41E25F00A3E0092939C /* CrawlerTests */,
				C8EBB42925F00A3E0092939C /* CrawlerUITests */,
				C8EBB40325F00A3E0092939C /* Products */,
			);
			sourceTree = "<group>";
		};
		C8EBB40325F00A3E0092939C /* Products */ = {
			isa = PBXGroup;
			children = (
				C8EBB40225F00A3E0092939C /* Crawler.app */,
				C8EBB41B25F00A3E0092939C /* CrawlerTests.xctest */,
				C8EBB42625F00A3E0092939C /* CrawlerUITests.xctest */,
			);
			name = Products;
			sourceTree = "<group>";
		};
		C8EBB40425F00A3E0092939C /* Crawler */ = {
			isa = PBXGroup;
			children = (
				C84ED6BC25F26E1700B6505E /* Consts.swift */,
				C8EBB40525F00A3E0092939C /* AppDelegate.swift */,
				C8EBB40725F00A3E0092939C /* SceneDelegate.swift */,
				C8EBB41125F00A3E0092939C /* Assets.xcassets */,
				C8EBB41325F00A3E0092939C /* LaunchScreen.storyboard */,
				C8EBB41625F00A3E0092939C /* Info.plist */,
				C8EBB40E25F00A3E0092939C /* Crawler.xcdatamodeld */,
			);
			path = Crawler;
			sourceTree = "<group>";
		};
		C8EBB41E25F00A3E0092939C /* CrawlerTests */ = {
			isa = PBXGroup;
			children = (
				C8EBB41F25F00A3E0092939C /* CrawlerTests.swift */,
				C8EBB42125F00A3E0092939C /* Info.plist */,
			);
			path = CrawlerTests;
			sourceTree = "<group>";
		};
		C8EBB42925F00A3E0092939C /* CrawlerUITests */ = {
			isa = PBXGroup;
			children = (
				C8EBB42A25F00A3E0092939C /* CrawlerUITests.swift */,
				C8EBB42C25F00A3E0092939C /* Info.plist */,
			);
			path = CrawlerUITests;
			sourceTree = "<group>";
		};
		C8EBB44425F2611D0092939C /* Services */ = {
			isa = PBXGroup;
			children = (
				C821A9F325F50EAE002F5D7D /* Database */,
				C821A9DB25F40350002F5D7D /* Crawler */,
				C84ED6DA25F38CF300B6505E /* Builder */,
				C84ED6D925F38CE400B6505E /* Router */,
			);
			path = Services;
			sourceTree = "<group>";
		};
		C8EBB44525F261300092939C /* ViewModels */ = {
			isa = PBXGroup;
			children = (
				C8EBB44625F2615B0092939C /* ResultViewModel.swift */,
				C821A9C825F3E450002F5D7D /* SearchViewModel.swift */,
			);
			path = ViewModels;
			sourceTree = "<group>";
		};
/* End PBXGroup section */

/* Begin PBXNativeTarget section */
		C8EBB40125F00A3D0092939C /* Crawler */ = {
			isa = PBXNativeTarget;
			buildConfigurationList = C8EBB42F25F00A3E0092939C /* Build configuration list for PBXNativeTarget "Crawler" */;
			buildPhases = (
				C8EBB3FE25F00A3D0092939C /* Sources */,
				C8EBB3FF25F00A3D0092939C /* Frameworks */,
				C8EBB40025F00A3D0092939C /* Resources */,
			);
			buildRules = (
			);
			dependencies = (
			);
			name = Crawler;
			packageProductDependencies = (
				C8EBB43C25F00B100092939C /* SwiftSoup */,
			);
			productName = Crawler;
			productReference = C8EBB40225F00A3E0092939C /* Crawler.app */;
			productType = "com.apple.product-type.application";
		};
		C8EBB41A25F00A3E0092939C /* CrawlerTests */ = {
			isa = PBXNativeTarget;
			buildConfigurationList = C8EBB43225F00A3E0092939C /* Build configuration list for PBXNativeTarget "CrawlerTests" */;
			buildPhases = (
				C8EBB41725F00A3E0092939C /* Sources */,
				C8EBB41825F00A3E0092939C /* Frameworks */,
				C8EBB41925F00A3E0092939C /* Resources */,
			);
			buildRules = (
			);
			dependencies = (
				C8EBB41D25F00A3E0092939C /* PBXTargetDependency */,
			);
			name = CrawlerTests;
			productName = CrawlerTests;
			productReference = C8EBB41B25F00A3E0092939C /* CrawlerTests.xctest */;
			productType = "com.apple.product-type.bundle.unit-test";
		};
		C8EBB42525F00A3E0092939C /* CrawlerUITests */ = {
			isa = PBXNativeTarget;
			buildConfigurationList = C8EBB43525F00A3E0092939C /* Build configuration list for PBXNativeTarget "CrawlerUITests" */;
			buildPhases = (
				C8EBB42225F00A3E0092939C /* Sources */,
				C8EBB42325F00A3E0092939C /* Frameworks */,
				C8EBB42425F00A3E0092939C /* Resources */,
			);
			buildRules = (
			);
			dependencies = (
				C8EBB42825F00A3E0092939C /* PBXTargetDependency */,
			);
			name = CrawlerUITests;
			productName = CrawlerUITests;
			productReference = C8EBB42625F00A3E0092939C /* CrawlerUITests.xctest */;
			productType = "com.apple.product-type.bundle.ui-testing";
		};
/* End PBXNativeTarget section */

/* Begin PBXProject section */
		C8EBB3FA25F00A3D0092939C /* Project object */ = {
			isa = PBXProject;
			attributes = {
				LastSwiftUpdateCheck = 1240;
				LastUpgradeCheck = 1240;
				TargetAttributes = {
					C8EBB40125F00A3D0092939C = {
						CreatedOnToolsVersion = 12.4;
					};
					C8EBB41A25F00A3E0092939C = {
						CreatedOnToolsVersion = 12.4;
						TestTargetID = C8EBB40125F00A3D0092939C;
					};
					C8EBB42525F00A3E0092939C = {
						CreatedOnToolsVersion = 12.4;
						TestTargetID = C8EBB40125F00A3D0092939C;
					};
				};
			};
			buildConfigurationList = C8EBB3FD25F00A3D0092939C /* Build configuration list for PBXProject "Crawler" */;
			compatibilityVersion = "Xcode 9.3";
			developmentRegion = en;
			hasScannedForEncodings = 0;
			knownRegions = (
				en,
				Base,
			);
			mainGroup = C8EBB3F925F00A3D0092939C;
			packageReferences = (
				C8EBB43B25F00B100092939C /* XCRemoteSwiftPackageReference "SwiftSoup" */,
			);
			productRefGroup = C8EBB40325F00A3E0092939C /* Products */;
			projectDirPath = "";
			projectRoot = "";
			targets = (
				C8EBB40125F00A3D0092939C /* Crawler */,
				C8EBB41A25F00A3E0092939C /* CrawlerTests */,
				C8EBB42525F00A3E0092939C /* CrawlerUITests */,
			);
		};
/* End PBXProject section */

/* Begin PBXResourcesBuildPhase section */
		C8EBB40025F00A3D0092939C /* Resources */ = {
			isa = PBXResourcesBuildPhase;
			buildActionMask = 2147483647;
			files = (
				C892C3DB25F56241003776EB /* ResultTableViewCell.xib in Resources */,
				C8EBB41525F00A3E0092939C /* LaunchScreen.storyboard in Resources */,
				C8EBB41225F00A3E0092939C /* Assets.xcassets in Resources */,
				C821A9B525F3D17C002F5D7D /* SearchViewController.xib in Resources */,
				C821A9BF25F3D1A0002F5D7D /* ResultViewController.xib in Resources */,
			);
			runOnlyForDeploymentPostprocessing = 0;
		};
		C8EBB41925F00A3E0092939C /* Resources */ = {
			isa = PBXResourcesBuildPhase;
			buildActionMask = 2147483647;
			files = (
			);
			runOnlyForDeploymentPostprocessing = 0;
		};
		C8EBB42425F00A3E0092939C /* Resources */ = {
			isa = PBXResourcesBuildPhase;
			buildActionMask = 2147483647;
			files = (
			);
			runOnlyForDeploymentPostprocessing = 0;
		};
/* End PBXResourcesBuildPhase section */

/* Begin PBXSourcesBuildPhase section */
		C8EBB3FE25F00A3D0092939C /* Sources */ = {
			isa = PBXSourcesBuildPhase;
			buildActionMask = 2147483647;
			files = (
				C821A9DD25F4036F002F5D7D /* CrawlerService.swift in Sources */,
				C821A9C925F3E450002F5D7D /* SearchViewModel.swift in Sources */,
				C892C3D425F54AB5003776EB /* SearchScreenRouterService.swift in Sources */,
				C84ED6C225F26FBF00B6505E /* RouterService.swift in Sources */,
				C8EBB44725F2615B0092939C /* ResultViewModel.swift in Sources */,
				C84ED6BD25F26E1700B6505E /* Consts.swift in Sources */,
				C821A9C425F3E38F002F5D7D /* SearchBuilder.swift in Sources */,
				C821A9B425F3D17C002F5D7D /* SearchViewController.swift in Sources */,
				C821A9E925F4124B002F5D7D /* String+Counter.swift in Sources */,
				C892C3E025F56305003776EB /* ReusableView.swift in Sources */,
				C8EBB41025F00A3E0092939C /* Crawler.xcdatamodeld in Sources */,
				C8EBB40625F00A3E0092939C /* AppDelegate.swift in Sources */,
				C821A9F525F50ED3002F5D7D /* StorageService.swift in Sources */,
				C892C3DA25F56241003776EB /* ResultTableViewCell.swift in Sources */,
				C8EBB40825F00A3E0092939C /* SceneDelegate.swift in Sources */,
				C84ED6DC25F38D4700B6505E /* ResultBuilder.swift in Sources */,
				C821A9BE25F3D1A0002F5D7D /* ResultViewController.swift in Sources */,
				C821A9CE25F3E634002F5D7D /* ResultScreenRouterService.swift in Sources */,
			);
			runOnlyForDeploymentPostprocessing = 0;
		};
		C8EBB41725F00A3E0092939C /* Sources */ = {
			isa = PBXSourcesBuildPhase;
			buildActionMask = 2147483647;
			files = (
				C8EBB42025F00A3E0092939C /* CrawlerTests.swift in Sources */,
			);
			runOnlyForDeploymentPostprocessing = 0;
		};
		C8EBB42225F00A3E0092939C /* Sources */ = {
			isa = PBXSourcesBuildPhase;
			buildActionMask = 2147483647;
			files = (
				C8EBB42B25F00A3E0092939C /* CrawlerUITests.swift in Sources */,
			);
			runOnlyForDeploymentPostprocessing = 0;
		};
/* End PBXSourcesBuildPhase section */

/* Begin PBXTargetDependency section */
		C8EBB41D25F00A3E0092939C /* PBXTargetDependency */ = {
			isa = PBXTargetDependency;
			target = C8EBB40125F00A3D0092939C /* Crawler */;
			targetProxy = C8EBB41C25F00A3E0092939C /* PBXContainerItemProxy */;
		};
		C8EBB42825F00A3E0092939C /* PBXTargetDependency */ = {
			isa = PBXTargetDependency;
			target = C8EBB40125F00A3D0092939C /* Crawler */;
			targetProxy = C8EBB42725F00A3E0092939C /* PBXContainerItemProxy */;
		};
/* End PBXTargetDependency section */

/* Begin PBXVariantGroup section */
		C8EBB41325F00A3E0092939C /* LaunchScreen.storyboard */ = {
			isa = PBXVariantGroup;
			children = (
				C8EBB41425F00A3E0092939C /* Base */,
			);
			name = LaunchScreen.storyboard;
			sourceTree = "<group>";
		};
/* End PBXVariantGroup section */

/* Begin XCBuildConfiguration section */
		C8EBB42D25F00A3E0092939C /* Debug */ = {
			isa = XCBuildConfiguration;
			buildSettings = {
				ALWAYS_SEARCH_USER_PATHS = NO;
				CLANG_ANALYZER_NONNULL = YES;
				CLANG_ANALYZER_NUMBER_OBJECT_CONVERSION = YES_AGGRESSIVE;
				CLANG_CXX_LANGUAGE_STANDARD = "gnu++14";
				CLANG_CXX_LIBRARY = "libc++";
				CLANG_ENABLE_MODULES = YES;
				CLANG_ENABLE_OBJC_ARC = YES;
				CLANG_ENABLE_OBJC_WEAK = YES;
				CLANG_WARN_BLOCK_CAPTURE_AUTORELEASING = YES;
				CLANG_WARN_BOOL_CONVERSION = YES;
				CLANG_WARN_COMMA = YES;
				CLANG_WARN_CONSTANT_CONVERSION = YES;
				CLANG_WARN_DEPRECATED_OBJC_IMPLEMENTATIONS = YES;
				CLANG_WARN_DIRECT_OBJC_ISA_USAGE = YES_ERROR;
				CLANG_WARN_DOCUMENTATION_COMMENTS = YES;
				CLANG_WARN_EMPTY_BODY = YES;
				CLANG_WARN_ENUM_CONVERSION = YES;
				CLANG_WARN_INFINITE_RECURSION = YES;
				CLANG_WARN_INT_CONVERSION = YES;
				CLANG_WARN_NON_LITERAL_NULL_CONVERSION = YES;
				CLANG_WARN_OBJC_IMPLICIT_RETAIN_SELF = YES;
				CLANG_WARN_OBJC_LITERAL_CONVERSION = YES;
				CLANG_WARN_OBJC_ROOT_CLASS = YES_ERROR;
				CLANG_WARN_QUOTED_INCLUDE_IN_FRAMEWORK_HEADER = YES;
				CLANG_WARN_RANGE_LOOP_ANALYSIS = YES;
				CLANG_WARN_STRICT_PROTOTYPES = YES;
				CLANG_WARN_SUSPICIOUS_MOVE = YES;
				CLANG_WARN_UNGUARDED_AVAILABILITY = YES_AGGRESSIVE;
				CLANG_WARN_UNREACHABLE_CODE = YES;
				CLANG_WARN__DUPLICATE_METHOD_MATCH = YES;
				COPY_PHASE_STRIP = NO;
				DEBUG_INFORMATION_FORMAT = dwarf;
				ENABLE_STRICT_OBJC_MSGSEND = YES;
				ENABLE_TESTABILITY = YES;
				GCC_C_LANGUAGE_STANDARD = gnu11;
				GCC_DYNAMIC_NO_PIC = NO;
				GCC_NO_COMMON_BLOCKS = YES;
				GCC_OPTIMIZATION_LEVEL = 0;
				GCC_PREPROCESSOR_DEFINITIONS = (
					"DEBUG=1",
					"$(inherited)",
				);
				GCC_WARN_64_TO_32_BIT_CONVERSION = YES;
				GCC_WARN_ABOUT_RETURN_TYPE = YES_ERROR;
				GCC_WARN_UNDECLARED_SELECTOR = YES;
				GCC_WARN_UNINITIALIZED_AUTOS = YES_AGGRESSIVE;
				GCC_WARN_UNUSED_FUNCTION = YES;
				GCC_WARN_UNUSED_VARIABLE = YES;
				IPHONEOS_DEPLOYMENT_TARGET = 14.4;
				MTL_ENABLE_DEBUG_INFO = INCLUDE_SOURCE;
				MTL_FAST_MATH = YES;
				ONLY_ACTIVE_ARCH = YES;
				SDKROOT = iphoneos;
				SWIFT_ACTIVE_COMPILATION_CONDITIONS = DEBUG;
				SWIFT_OPTIMIZATION_LEVEL = "-Onone";
			};
			name = Debug;
		};
		C8EBB42E25F00A3E0092939C /* Release */ = {
			isa = XCBuildConfiguration;
			buildSettings = {
				ALWAYS_SEARCH_USER_PATHS = NO;
				CLANG_ANALYZER_NONNULL = YES;
				CLANG_ANALYZER_NUMBER_OBJECT_CONVERSION = YES_AGGRESSIVE;
				CLANG_CXX_LANGUAGE_STANDARD = "gnu++14";
				CLANG_CXX_LIBRARY = "libc++";
				CLANG_ENABLE_MODULES = YES;
				CLANG_ENABLE_OBJC_ARC = YES;
				CLANG_ENABLE_OBJC_WEAK = YES;
				CLANG_WARN_BLOCK_CAPTURE_AUTORELEASING = YES;
				CLANG_WARN_BOOL_CONVERSION = YES;
				CLANG_WARN_COMMA = YES;
				CLANG_WARN_CONSTANT_CONVERSION = YES;
				CLANG_WARN_DEPRECATED_OBJC_IMPLEMENTATIONS = YES;
				CLANG_WARN_DIRECT_OBJC_ISA_USAGE = YES_ERROR;
				CLANG_WARN_DOCUMENTATION_COMMENTS = YES;
				CLANG_WARN_EMPTY_BODY = YES;
				CLANG_WARN_ENUM_CONVERSION = YES;
				CLANG_WARN_INFINITE_RECURSION = YES;
				CLANG_WARN_INT_CONVERSION = YES;
				CLANG_WARN_NON_LITERAL_NULL_CONVERSION = YES;
				CLANG_WARN_OBJC_IMPLICIT_RETAIN_SELF = YES;
				CLANG_WARN_OBJC_LITERAL_CONVERSION = YES;
				CLANG_WARN_OBJC_ROOT_CLASS = YES_ERROR;
				CLANG_WARN_QUOTED_INCLUDE_IN_FRAMEWORK_HEADER = YES;
				CLANG_WARN_RANGE_LOOP_ANALYSIS = YES;
				CLANG_WARN_STRICT_PROTOTYPES = YES;
				CLANG_WARN_SUSPICIOUS_MOVE = YES;
				CLANG_WARN_UNGUARDED_AVAILABILITY = YES_AGGRESSIVE;
				CLANG_WARN_UNREACHABLE_CODE = YES;
				CLANG_WARN__DUPLICATE_METHOD_MATCH = YES;
				COPY_PHASE_STRIP = NO;
				DEBUG_INFORMATION_FORMAT = "dwarf-with-dsym";
				ENABLE_NS_ASSERTIONS = NO;
				ENABLE_STRICT_OBJC_MSGSEND = YES;
				GCC_C_LANGUAGE_STANDARD = gnu11;
				GCC_NO_COMMON_BLOCKS = YES;
				GCC_WARN_64_TO_32_BIT_CONVERSION = YES;
				GCC_WARN_ABOUT_RETURN_TYPE = YES_ERROR;
				GCC_WARN_UNDECLARED_SELECTOR = YES;
				GCC_WARN_UNINITIALIZED_AUTOS = YES_AGGRESSIVE;
				GCC_WARN_UNUSED_FUNCTION = YES;
				GCC_WARN_UNUSED_VARIABLE = YES;
				IPHONEOS_DEPLOYMENT_TARGET = 14.4;
				MTL_ENABLE_DEBUG_INFO = NO;
				MTL_FAST_MATH = YES;
				SDKROOT = iphoneos;
				SWIFT_COMPILATION_MODE = wholemodule;
				SWIFT_OPTIMIZATION_LEVEL = "-O";
				VALIDATE_PRODUCT = YES;
			};
			name = Release;
		};
		C8EBB43025F00A3E0092939C /* Debug */ = {
			isa = XCBuildConfiguration;
			buildSettings = {
				ASSETCATALOG_COMPILER_APPICON_NAME = AppIcon;
				ASSETCATALOG_COMPILER_GLOBAL_ACCENT_COLOR_NAME = AccentColor;
				CODE_SIGN_STYLE = Automatic;
				DEVELOPMENT_TEAM = 9D83MC32AG;
				INFOPLIST_FILE = Crawler/Info.plist;
				LD_RUNPATH_SEARCH_PATHS = (
					"$(inherited)",
					"@executable_path/Frameworks",
				);
				PRODUCT_BUNDLE_IDENTIFIER = com.alex.bg.Crawler;
				PRODUCT_NAME = "$(TARGET_NAME)";
				SWIFT_VERSION = 5.0;
				TARGETED_DEVICE_FAMILY = "1,2";
			};
			name = Debug;
		};
		C8EBB43125F00A3E0092939C /* Release */ = {
			isa = XCBuildConfiguration;
			buildSettings = {
				ASSETCATALOG_COMPILER_APPICON_NAME = AppIcon;
				ASSETCATALOG_COMPILER_GLOBAL_ACCENT_COLOR_NAME = AccentColor;
				CODE_SIGN_STYLE = Automatic;
				DEVELOPMENT_TEAM = 9D83MC32AG;
				INFOPLIST_FILE = Crawler/Info.plist;
				LD_RUNPATH_SEARCH_PATHS = (
					"$(inherited)",
					"@executable_path/Frameworks",
				);
				PRODUCT_BUNDLE_IDENTIFIER = com.alex.bg.Crawler;
				PRODUCT_NAME = "$(TARGET_NAME)";
				SWIFT_VERSION = 5.0;
				TARGETED_DEVICE_FAMILY = "1,2";
			};
			name = Release;
		};
		C8EBB43325F00A3E0092939C /* Debug */ = {
			isa = XCBuildConfiguration;
			buildSettings = {
				ALWAYS_EMBED_SWIFT_STANDARD_LIBRARIES = YES;
				BUNDLE_LOADER = "$(TEST_HOST)";
				CODE_SIGN_STYLE = Automatic;
				DEVELOPMENT_TEAM = 9D83MC32AG;
				INFOPLIST_FILE = CrawlerTests/Info.plist;
				IPHONEOS_DEPLOYMENT_TARGET = 14.4;
				LD_RUNPATH_SEARCH_PATHS = (
					"$(inherited)",
					"@executable_path/Frameworks",
					"@loader_path/Frameworks",
				);
				PRODUCT_BUNDLE_IDENTIFIER = com.alex.bg.CrawlerTests;
				PRODUCT_NAME = "$(TARGET_NAME)";
				SWIFT_VERSION = 5.0;
				TARGETED_DEVICE_FAMILY = "1,2";
				TEST_HOST = "$(BUILT_PRODUCTS_DIR)/Crawler.app/Crawler";
			};
			name = Debug;
		};
		C8EBB43425F00A3E0092939C /* Release */ = {
			isa = XCBuildConfiguration;
			buildSettings = {
				ALWAYS_EMBED_SWIFT_STANDARD_LIBRARIES = YES;
				BUNDLE_LOADER = "$(TEST_HOST)";
				CODE_SIGN_STYLE = Automatic;
				DEVELOPMENT_TEAM = 9D83MC32AG;
				INFOPLIST_FILE = CrawlerTests/Info.plist;
				IPHONEOS_DEPLOYMENT_TARGET = 14.4;
				LD_RUNPATH_SEARCH_PATHS = (
					"$(inherited)",
					"@executable_path/Frameworks",
					"@loader_path/Frameworks",
				);
				PRODUCT_BUNDLE_IDENTIFIER = com.alex.bg.CrawlerTests;
				PRODUCT_NAME = "$(TARGET_NAME)";
				SWIFT_VERSION = 5.0;
				TARGETED_DEVICE_FAMILY = "1,2";
				TEST_HOST = "$(BUILT_PRODUCTS_DIR)/Crawler.app/Crawler";
			};
			name = Release;
		};
		C8EBB43625F00A3E0092939C /* Debug */ = {
			isa = XCBuildConfiguration;
			buildSettings = {
				ALWAYS_EMBED_SWIFT_STANDARD_LIBRARIES = YES;
				CODE_SIGN_STYLE = Automatic;
				DEVELOPMENT_TEAM = 9D83MC32AG;
				INFOPLIST_FILE = CrawlerUITests/Info.plist;
				LD_RUNPATH_SEARCH_PATHS = (
					"$(inherited)",
					"@executable_path/Frameworks",
					"@loader_path/Frameworks",
				);
				PRODUCT_BUNDLE_IDENTIFIER = com.alex.bg.CrawlerUITests;
				PRODUCT_NAME = "$(TARGET_NAME)";
				SWIFT_VERSION = 5.0;
				TARGETED_DEVICE_FAMILY = "1,2";
				TEST_TARGET_NAME = Crawler;
			};
			name = Debug;
		};
		C8EBB43725F00A3E0092939C /* Release */ = {
			isa = XCBuildConfiguration;
			buildSettings = {
				ALWAYS_EMBED_SWIFT_STANDARD_LIBRARIES = YES;
				CODE_SIGN_STYLE = Automatic;
				DEVELOPMENT_TEAM = 9D83MC32AG;
				INFOPLIST_FILE = CrawlerUITests/Info.plist;
				LD_RUNPATH_SEARCH_PATHS = (
					"$(inherited)",
					"@executable_path/Frameworks",
					"@loader_path/Frameworks",
				);
				PRODUCT_BUNDLE_IDENTIFIER = com.alex.bg.CrawlerUITests;
				PRODUCT_NAME = "$(TARGET_NAME)";
				SWIFT_VERSION = 5.0;
				TARGETED_DEVICE_FAMILY = "1,2";
				TEST_TARGET_NAME = Crawler;
			};
			name = Release;
		};
/* End XCBuildConfiguration section */

/* Begin XCConfigurationList section */
		C8EBB3FD25F00A3D0092939C /* Build configuration list for PBXProject "Crawler" */ = {
			isa = XCConfigurationList;
			buildConfigurations = (
				C8EBB42D25F00A3E0092939C /* Debug */,
				C8EBB42E25F00A3E0092939C /* Release */,
			);
			defaultConfigurationIsVisible = 0;
			defaultConfigurationName = Release;
		};
		C8EBB42F25F00A3E0092939C /* Build configuration list for PBXNativeTarget "Crawler" */ = {
			isa = XCConfigurationList;
			buildConfigurations = (
				C8EBB43025F00A3E0092939C /* Debug */,
				C8EBB43125F00A3E0092939C /* Release */,
			);
			defaultConfigurationIsVisible = 0;
			defaultConfigurationName = Release;
		};
		C8EBB43225F00A3E0092939C /* Build configuration list for PBXNativeTarget "CrawlerTests" */ = {
			isa = XCConfigurationList;
			buildConfigurations = (
				C8EBB43325F00A3E0092939C /* Debug */,
				C8EBB43425F00A3E0092939C /* Release */,
			);
			defaultConfigurationIsVisible = 0;
			defaultConfigurationName = Release;
		};
		C8EBB43525F00A3E0092939C /* Build configuration list for PBXNativeTarget "CrawlerUITests" */ = {
			isa = XCConfigurationList;
			buildConfigurations = (
				C8EBB43625F00A3E0092939C /* Debug */,
				C8EBB43725F00A3E0092939C /* Release */,
			);
			defaultConfigurationIsVisible = 0;
			defaultConfigurationName = Release;
		};
/* End XCConfigurationList section */

/* Begin XCRemoteSwiftPackageReference section */
		C8EBB43B25F00B100092939C /* XCRemoteSwiftPackageReference "SwiftSoup" */ = {
			isa = XCRemoteSwiftPackageReference;
			repositoryURL = "https://github.com/scinfu/SwiftSoup.git";
			requirement = {
				branch = master;
				kind = branch;
			};
		};
/* End XCRemoteSwiftPackageReference section */

/* Begin XCSwiftPackageProductDependency section */
		C8EBB43C25F00B100092939C /* SwiftSoup */ = {
			isa = XCSwiftPackageProductDependency;
			package = C8EBB43B25F00B100092939C /* XCRemoteSwiftPackageReference "SwiftSoup" */;
			productName = SwiftSoup;
		};
/* End XCSwiftPackageProductDependency section */

/* Begin XCVersionGroup section */
		C8EBB40E25F00A3E0092939C /* Crawler.xcdatamodeld */ = {
			isa = XCVersionGroup;
			children = (
				C8EBB40F25F00A3E0092939C /* Crawler.xcdatamodel */,
			);
			currentVersion = C8EBB40F25F00A3E0092939C /* Crawler.xcdatamodel */;
			path = Crawler.xcdatamodeld;
			sourceTree = "<group>";
			versionGroupType = wrapper.xcdatamodel;
		};
/* End XCVersionGroup section */
	};
	rootObject = C8EBB3FA25F00A3D0092939C /* Project object */;
}
